{
  "name": "BOMI",
  "lockfileVersion": 3,
  "requires": true,
  "packages": {
    "": {
      "dependencies": {
        "wmic": "^1.1.1"
      }
    },
    "node_modules/async": {
      "version": "3.2.6",
      "resolved": "https://registry.npmjs.org/async/-/async-3.2.6.tgz",
      "integrity": "sha512-htCUDlxyyCLMgaM3xXg0C0LW2xqfuQ6p05pCEIsXuyQ+a1koYKTuBMzRNwmybfLgvJDMd0r1LTn4+E0Ti6C2AA==",
      "license": "MIT"
    },
    "node_modules/iconv-lite": {
      "version": "0.5.2",
      "resolved": "https://registry.npmjs.org/iconv-lite/-/iconv-lite-0.5.2.tgz",
      "integrity": "sha512-kERHXvpSaB4aU3eANwidg79K8FlrN77m8G9V+0vOR3HYaRifrlwMEpT7ZBJqLSEIHnEgJTHcWK82wwLwwKwtag==",
      "license": "MIT",
      "dependencies": {
        "safer-buffer": ">= 2.1.2 < 3"
      },
      "engines": {
        "node": ">=0.10.0"
      }
    },
    "node_modules/safer-buffer": {
      "version": "2.1.2",
      "resolved": "https://registry.npmjs.org/safer-buffer/-/safer-buffer-2.1.2.tgz",
      "integrity": "sha512-YZo3K82SD7Riyi0E1EQPojLz7kpepnSQI9IyPbHHg1XXXevb5dJI7tpyN2ADxGcQbHG7vcyRHk0cbwqcQriUtg==",
      "license": "MIT"
    },
    "node_modules/wmic": {
      "version": "1.1.1",
      "resolved": "https://registry.npmjs.org/wmic/-/wmic-1.1.1.tgz",
      "integrity": "sha512-6lbonssALks49dX9bJTE8i54OTjbbLfd3IraFfG1ZR1ZrEbEynCt471IX5SfslZaFwISJKdUFHjOWHk0Brs5eg==",
      "license": "MIT",
      "dependencies": {
        "async": "^3.2.0",
        "iconv-lite": "^0.5.0"
      }
    }
  }
}
